// !$*UTF8*$!
{
	archiveVersion = 1;
	classes = {
	};
	objectVersion = 46;
	objects = {

/* Begin PBXBuildFile section */
		BAD06C271B5BF36400D57B2E /* AppDelegate.swift in Sources */ = {isa = PBXBuildFile; fileRef = BAD06C261B5BF36400D57B2E /* AppDelegate.swift */; };
		BAD06C291B5BF36400D57B2E /* ViewController.swift in Sources */ = {isa = PBXBuildFile; fileRef = BAD06C281B5BF36400D57B2E /* ViewController.swift */; };
		BAD06C2C1B5BF36400D57B2E /* Main.storyboard in Resources */ = {isa = PBXBuildFile; fileRef = BAD06C2A1B5BF36400D57B2E /* Main.storyboard */; };
		BAD06C2E1B5BF36400D57B2E /* Images.xcassets in Resources */ = {isa = PBXBuildFile; fileRef = BAD06C2D1B5BF36400D57B2E /* Images.xcassets */; };
		BAD06C311B5BF36400D57B2E /* LaunchScreen.xib in Resources */ = {isa = PBXBuildFile; fileRef = BAD06C2F1B5BF36400D57B2E /* LaunchScreen.xib */; };
		BAD06C3D1B5BF36400D57B2E /* Project19CapitalCitiesTests.swift in Sources */ = {isa = PBXBuildFile; fileRef = BAD06C3C1B5BF36400D57B2E /* Project19CapitalCitiesTests.swift */; };
/* End PBXBuildFile section */

/* Begin PBXContainerItemProxy section */
		BAD06C371B5BF36400D57B2E /* PBXContainerItemProxy */ = {
			isa = PBXContainerItemProxy;
			containerPortal = BAD06C191B5BF36400D57B2E /* Project object */;
			proxyType = 1;
			remoteGlobalIDString = BAD06C201B5BF36400D57B2E;
			remoteInfo = Project19CapitalCities;
		};
/* End PBXContainerItemProxy section */

/* Begin PBXFileReference section */
		BAD06C211B5BF36400D57B2E /* Project19CapitalCities.app */ = {isa = PBXFileReference; explicitFileType = wrapper.application; includeInIndex = 0; path = Project19CapitalCities.app; sourceTree = BUILT_PRODUCTS_DIR; };
		BAD06C251B5BF36400D57B2E /* Info.plist */ = {isa = PBXFileReference; lastKnownFileType = text.plist.xml; path = Info.plist; sourceTree = "<group>"; };
		BAD06C261B5BF36400D57B2E /* AppDelegate.swift */ = {isa = PBXFileReference; lastKnownFileType = sourcecode.swift; path = AppDelegate.swift; sourceTree = "<group>"; };
		BAD06C281B5BF36400D57B2E /* ViewController.swift */ = {isa = PBXFileReference; lastKnownFileType = sourcecode.swift; path = ViewController.swift; sourceTree = "<group>"; };
		BAD06C2B1B5BF36400D57B2E /* Base */ = {isa = PBXFileReference; lastKnownFileType = file.storyboard; name = Base; path = Base.lproj/Main.storyboard; sourceTree = "<group>"; };
		BAD06C2D1B5BF36400D57B2E /* Images.xcassets */ = {isa = PBXFileReference; lastKnownFileType = folder.assetcatalog; path = Images.xcassets; sourceTree = "<group>"; };
		BAD06C301B5BF36400D57B2E /* Base */ = {isa = PBXFileReference; lastKnownFileType = file.xib; name = Base; path = Base.lproj/LaunchScreen.xib; sourceTree = "<group>"; };
		BAD06C361B5BF36400D57B2E /* Project19CapitalCitiesTests.xctest */ = {isa = PBXFileReference; explicitFileType = wrapper.cfbundle; includeInIndex = 0; path = Project19CapitalCitiesTests.xctest; sourceTree = BUILT_PRODUCTS_DIR; };
		BAD06C3B1B5BF36400D57B2E /* Info.plist */ = {isa = PBXFileReference; lastKnownFileType = text.plist.xml; path = Info.plist; sourceTree = "<group>"; };
		BAD06C3C1B5BF36400D57B2E /* Project19CapitalCitiesTests.swift */ = {isa = PBXFileReference; lastKnownFileType = sourcecode.swift; path = Project19CapitalCitiesTests.swift; sourceTree = "<group>"; };
/* End PBXFileReference section */

/* Begin PBXFrameworksBuildPhase section */
		BAD06C1E1B5BF36400D57B2E /* Frameworks */ = {
			isa = PBXFrameworksBuildPhase;
			buildActionMask = 2147483647;
			files = (
			);
			runOnlyForDeploymentPostprocessing = 0;
		};
		BAD06C331B5BF36400D57B2E /* Frameworks */ = {
			isa = PBXFrameworksBuildPhase;
			buildActionMask = 2147483647;
			files = (
			);
			runOnlyForDeploymentPostprocessing = 0;
		};
/* End PBXFrameworksBuildPhase section */

/* Begin PBXGroup section */
		BAD06C181B5BF36400D57B2E = {
			isa = PBXGroup;
			children = (
				BAD06C231B5BF36400D57B2E /* Project19CapitalCities */,
				BAD06C391B5BF36400D57B2E /* Project19CapitalCitiesTests */,
				BAD06C221B5BF36400D57B2E /* Products */,
			);
			sourceTree = "<group>";
		};
		BAD06C221B5BF36400D57B2E /* Products */ = {
			isa = PBXGroup;
			children = (
				BAD06C211B5BF36400D57B2E /* Project19CapitalCities.app */,
				BAD06C361B5BF36400D57B2E /* Project19CapitalCitiesTests.xctest */,
			);
			name = Products;
			sourceTree = "<group>";
		};
		BAD06C231B5BF36400D57B2E /* Project19CapitalCities */ = {
			isa = PBXGroup;
			children = (
				BAD06C261B5BF36400D57B2E /* AppDelegate.swift */,
				BAD06C281B5BF36400D57B2E /* ViewController.swift */,
				BAD06C2A1B5BF36400D57B2E /* Main.storyboard */,
				BAD06C2D1B5BF36400D57B2E /* Images.xcassets */,
				BAD06C2F1B5BF36400D57B2E /* LaunchScreen.xib */,
				BAD06C241B5BF36400D57B2E /* Supporting Files */,
			);
			path = Project19CapitalCities;
			sourceTree = "<group>";
		};
		BAD06C241B5BF36400D57B2E /* Supporting Files */ = {
			isa = PBXGroup;
			children = (
				BAD06C251B5BF36400D57B2E /* Info.plist */,
			);
			name = "Supporting Files";
			sourceTree = "<group>";
		};
		BAD06C391B5BF36400D57B2E /* Project19CapitalCitiesTests */ = {
			isa = PBXGroup;
			children = (
				BAD06C3C1B5BF36400D57B2E /* Project19CapitalCitiesTests.swift */,
				BAD06C3A1B5BF36400D57B2E /* Supporting Files */,
			);
			path = Project19CapitalCitiesTests;
			sourceTree = "<group>";
		};
		BAD06C3A1B5BF36400D57B2E /* Supporting Files */ = {
			isa = PBXGroup;
			children = (
				BAD06C3B1B5BF36400D57B2E /* Info.plist */,
			);
			name = "Supporting Files";
			sourceTree = "<group>";
		};
/* End PBXGroup section */

/* Begin PBXNativeTarget section */
		BAD06C201B5BF36400D57B2E /* Project19CapitalCities */ = {
			isa = PBXNativeTarget;
			buildConfigurationList = BAD06C401B5BF36400D57B2E /* Build configuration list for PBXNativeTarget "Project19CapitalCities" */;
			buildPhases = (
				BAD06C1D1B5BF36400D57B2E /* Sources */,
				BAD06C1E1B5BF36400D57B2E /* Frameworks */,
				BAD06C1F1B5BF36400D57B2E /* Resources */,
			);
			buildRules = (
			);
			dependencies = (
			);
			name = Project19CapitalCities;
			productName = Project19CapitalCities;
			productReference = BAD06C211B5BF36400D57B2E /* Project19CapitalCities.app */;
			productType = "com.apple.product-type.application";
		};
		BAD06C351B5BF36400D57B2E /* Project19CapitalCitiesTests */ = {
			isa = PBXNativeTarget;
			buildConfigurationList = BAD06C431B5BF36400D57B2E /* Build configuration list for PBXNativeTarget "Project19CapitalCitiesTests" */;
			buildPhases = (
				BAD06C321B5BF36400D57B2E /* Sources */,
				BAD06C331B5BF36400D57B2E /* Frameworks */,
				BAD06C341B5BF36400D57B2E /* Resources */,
			);
			buildRules = (
			);
			dependencies = (
				BAD06C381B5BF36400D57B2E /* PBXTargetDependency */,
			);
			name = Project19CapitalCitiesTests;
			productName = Project19CapitalCitiesTests;
			productReference = BAD06C361B5BF36400D57B2E /* Project19CapitalCitiesTests.xctest */;
			productType = "com.apple.product-type.bundle.unit-test";
		};
/* End PBXNativeTarget section */

/* Begin PBXProject section */
		BAD06C191B5BF36400D57B2E /* Project object */ = {
			isa = PBXProject;
			attributes = {
				LastUpgradeCheck = 0630;
				ORGANIZATIONNAME = Henry;
				TargetAttributes = {
					BAD06C201B5BF36400D57B2E = {
						CreatedOnToolsVersion = 6.3.2;
					};
					BAD06C351B5BF36400D57B2E = {
						CreatedOnToolsVersion = 6.3.2;
						TestTargetID = BAD06C201B5BF36400D57B2E;
					};
				};
			};
			buildConfigurationList = BAD06C1C1B5BF36400D57B2E /* Build configuration list for PBXProject "Project19CapitalCities" */;
			compatibilityVersion = "Xcode 3.2";
			developmentRegion = English;
			hasScannedForEncodings = 0;
			knownRegions = (
				en,
				Base,
			);
			mainGroup = BAD06C181B5BF36400D57B2E;
			productRefGroup = BAD06C221B5BF36400D57B2E /* Products */;
			projectDirPath = "";
			projectRoot = "";
			targets = (
				BAD06C201B5BF36400D57B2E /* Project19CapitalCities */,
				BAD06C351B5BF36400D57B2E /* Project19CapitalCitiesTests */,
			);
		};
/* End PBXProject section */

/* Begin PBXResourcesBuildPhase section */
		BAD06C1F1B5BF36400D57B2E /* Resources */ = {
			isa = PBXResourcesBuildPhase;
			buildActionMask = 2147483647;
			files = (
				BAD06C2C1B5BF36400D57B2E /* Main.storyboard in Resources */,
				BAD06C311B5BF36400D57B2E /* LaunchScreen.xib in Resources */,
				BAD06C2E1B5BF36400D57B2E /* Images.xcassets in Resources */,
			);
			runOnlyForDeploymentPostprocessing = 0;
		};
		BAD06C341B5BF36400D57B2E /* Resources */ = {
			isa = PBXResourcesBuildPhase;
			buildActionMask = 2147483647;
			files = (
			);
			runOnlyForDeploymentPostprocessing = 0;
		};
/* End PBXResourcesBuildPhase section */

/* Begin PBXSourcesBuildPhase section */
		BAD06C1D1B5BF36400D57B2E /* Sources */ = {
			isa = PBXSourcesBuildPhase;
			buildActionMask = 2147483647;
			files = (
				BAD06C291B5BF36400D57B2E /* ViewController.swift in Sources */,
				BAD06C271B5BF36400D57B2E /* AppDelegate.swift in Sources */,
			);
			runOnlyForDeploymentPostprocessing = 0;
		};
		BAD06C321B5BF36400D57B2E /* Sources */ = {
			isa = PBXSourcesBuildPhase;
			buildActionMask = 2147483647;
			files = (
				BAD06C3D1B5BF36400D57B2E /* Project19CapitalCitiesTests.swift in Sources */,
			);
			runOnlyForDeploymentPostprocessing = 0;
		};
/* End PBXSourcesBuildPhase section */

/* Begin PBXTargetDependency section */
		BAD06C381B5BF36400D57B2E /* PBXTargetDependency */ = {
			isa = PBXTargetDependency;
			target = BAD06C201B5BF36400D57B2E /* Project19CapitalCities */;
			targetProxy = BAD06C371B5BF36400D57B2E /* PBXContainerItemProxy */;
		};
/* End PBXTargetDependency section */

/* Begin PBXVariantGroup section */
		BAD06C2A1B5BF36400D57B2E /* Main.storyboard */ = {
			isa = PBXVariantGroup;
			children = (
				BAD06C2B1B5BF36400D57B2E /* Base */,
			);
			name = Main.storyboard;
			sourceTree = "<group>";
		};
		BAD06C2F1B5BF36400D57B2E /* LaunchScreen.xib */ = {
			isa = PBXVariantGroup;
			children = (
				BAD06C301B5BF36400D57B2E /* Base */,
			);
			name = LaunchScreen.xib;
			sourceTree = "<group>";
		};
/* End PBXVariantGroup section */

/* Begin XCBuildConfiguration section */
		BAD06C3E1B5BF36400D57B2E /* Debug */ = {
			isa = XCBuildConfiguration;
			buildSettings = {
				ALWAYS_SEARCH_USER_PATHS = NO;
				CLANG_CXX_LANGUAGE_STANDARD = "gnu++0x";
				CLANG_CXX_LIBRARY = "libc++";
				CLANG_ENABLE_MODULES = YES;
				CLANG_ENABLE_OBJC_ARC = YES;
				CLANG_WARN_BOOL_CONVERSION = YES;
				CLANG_WARN_CONSTANT_CONVERSION = YES;
				CLANG_WARN_DIRECT_OBJC_ISA_USAGE = YES_ERROR;
				CLANG_WARN_EMPTY_BODY = YES;
				CLANG_WARN_ENUM_CONVERSION = YES;
				CLANG_WARN_INT_CONVERSION = YES;
				CLANG_WARN_OBJC_ROOT_CLASS = YES_ERROR;
				CLANG_WARN_UNREACHABLE_CODE = YES;
				CLANG_WARN__DUPLICATE_METHOD_MATCH = YES;
				"CODE_SIGN_IDENTITY[sdk=iphoneos*]" = "iPhone Developer";
				COPY_PHASE_STRIP = NO;
				DEBUG_INFORMATION_FORMAT = "dwarf-with-dsym";
				ENABLE_STRICT_OBJC_MSGSEND = YES;
				GCC_C_LANGUAGE_STANDARD = gnu99;
				GCC_DYNAMIC_NO_PIC = NO;
				GCC_NO_COMMON_BLOCKS = YES;
				GCC_OPTIMIZATION_LEVEL = 0;
				GCC_PREPROCESSOR_DEFINITIONS = (
					"DEBUG=1",
					"$(inherited)",
				);
				GCC_SYMBOLS_PRIVATE_EXTERN = NO;
				GCC_WARN_64_TO_32_BIT_CONVERSION = YES;
				GCC_WARN_ABOUT_RETURN_TYPE = YES_ERROR;
				GCC_WARN_UNDECLARED_SELECTOR = YES;
				GCC_WARN_UNINITIALIZED_AUTOS = YES_AGGRESSIVE;
				GCC_WARN_UNUSED_FUNCTION = YES;
				GCC_WARN_UNUSED_VARIABLE = YES;
				IPHONEOS_DEPLOYMENT_TARGET = 8.3;
				MTL_ENABLE_DEBUG_INFO = YES;
				ONLY_ACTIVE_ARCH = YES;
				SDKROOT = iphoneos;
				SWIFT_OPTIMIZATION_LEVEL = "-Onone";
			};
			name = Debug;
		};
		BAD06C3F1B5BF36400D57B2E /* Release */ = {
			isa = XCBuildConfiguration;
			buildSettings = {
				ALWAYS_SEARCH_USER_PATHS = NO;
				CLANG_CXX_LANGUAGE_STANDARD = "gnu++0x";
				CLANG_CXX_LIBRARY = "libc++";
				CLANG_ENABLE_MODULES = YES;
				CLANG_ENABLE_OBJC_ARC = YES;
				CLANG_WARN_BOOL_CONVERSION = YES;
				CLANG_WARN_CONSTANT_CONVERSION = YES;
				CLANG_WARN_DIRECT_OBJC_ISA_USAGE = YES_ERROR;
				CLANG_WARN_EMPTY_BODY = YES;
				CLANG_WARN_ENUM_CONVERSION = YES;
				CLANG_WARN_INT_CONVERSION = YES;
				CLANG_WARN_OBJC_ROOT_CLASS = YES_ERROR;
				CLANG_WARN_UNREACHABLE_CODE = YES;
				CLANG_WARN__DUPLICATE_METHOD_MATCH = YES;
				"CODE_SIGN_IDENTITY[sdk=iphoneos*]" = "iPhone Developer";
				COPY_PHASE_STRIP = NO;
				DEBUG_INFORMATION_FORMAT = "dwarf-with-dsym";
				ENABLE_NS_ASSERTIONS = NO;
				ENABLE_STRICT_OBJC_MSGSEND = YES;
				GCC_C_LANGUAGE_STANDARD = gnu99;
				GCC_NO_COMMON_BLOCKS = YES;
				GCC_WARN_64_TO_32_BIT_CONVERSION = YES;
				GCC_WARN_ABOUT_RETURN_TYPE = YES_ERROR;
				GCC_WARN_UNDECLARED_SELECTOR = YES;
				GCC_WARN_UNINITIALIZED_AUTOS = YES_AGGRESSIVE;
				GCC_WARN_UNUSED_FUNCTION = YES;
				GCC_WARN_UNUSED_VARIABLE = YES;
				IPHONEOS_DEPLOYMENT_TARGET = 8.3;
				MTL_ENABLE_DEBUG_INFO = NO;
				SDKROOT = iphoneos;
				VALIDATE_PRODUCT = YES;
			};
			name = Release;
		};
		BAD06C411B5BF36400D57B2E /* Debug */ = {
			isa = XCBuildConfiguration;
			buildSettings = {
				ASSETCATALOG_COMPILER_APPICON_NAME = AppIcon;
				INFOPLIST_FILE = Project19CapitalCities/Info.plist;
				LD_RUNPATH_SEARCH_PATHS = "$(inherited) @executable_path/Frameworks";
				PRODUCT_NAME = "$(TARGET_NAME)";
			};
			name = Debug;
		};
		BAD06C421B5BF36400D57B2E /* Release */ = {
			isa = XCBuildConfiguration;
			buildSettings = {
				ASSETCATALOG_COMPILER_APPICON_NAME = AppIcon;
				INFOPLIST_FILE = Project19CapitalCities/Info.plist;
				LD_RUNPATH_SEARCH_PATHS = "$(inherited) @executable_path/Frameworks";
				PRODUCT_NAME = "$(TARGET_NAME)";
			};
			name = Release;
		};
		BAD06C441B5BF36400D57B2E /* Debug */ = {
			isa = XCBuildConfiguration;
			buildSettings = {
				BUNDLE_LOADER = "$(TEST_HOST)";
				FRAMEWORK_SEARCH_PATHS = (
					"$(SDKROOT)/Developer/Library/Frameworks",
					"$(inherited)",
				);
				GCC_PREPROCESSOR_DEFINITIONS = (
					"DEBUG=1",
					"$(inherited)",
				);
				INFOPLIST_FILE = Project19CapitalCitiesTests/Info.plist;
				LD_RUNPATH_SEARCH_PATHS = "$(inherited) @executable_path/Frameworks @loader_path/Frameworks";
				PRODUCT_NAME = "$(TARGET_NAME)";
				TEST_HOST = "$(BUILT_PRODUCTS_DIR)/Project19CapitalCities.app/Project19CapitalCities";
			};
			name = Debug;
		};
		BAD06C451B5BF36400D57B2E /* Release */ = {
			isa = XCBuildConfiguration;
			buildSettings = {
				BUNDLE_LOADER = "$(TEST_HOST)";
				FRAMEWORK_SEARCH_PATHS = (
					"$(SDKROOT)/Developer/Library/Frameworks",
					"$(inherited)",
				);
				INFOPLIST_FILE = Project19CapitalCitiesTests/Info.plist;
				LD_RUNPATH_SEARCH_PATHS = "$(inherited) @executable_path/Frameworks @loader_path/Frameworks";
				PRODUCT_NAME = "$(TARGET_NAME)";
				TEST_HOST = "$(BUILT_PRODUCTS_DIR)/Project19CapitalCities.app/Project19CapitalCities";
			};
			name = Release;
		};
/* End XCBuildConfiguration section */

/* Begin XCConfigurationList section */
		BAD06C1C1B5BF36400D57B2E /* Build configuration list for PBXProject "Project19CapitalCities" */ = {
			isa = XCConfigurationList;
			buildConfigurations = (
				BAD06C3E1B5BF36400D57B2E /* Debug */,
				BAD06C3F1B5BF36400D57B2E /* Release */,
			);
			defaultConfigurationIsVisible = 0;
			defaultConfigurationName = Release;
		};
		BAD06C401B5BF36400D57B2E /* Build configuration list for PBXNativeTarget "Project19CapitalCities" */ = {
			isa = XCConfigurationList;
			buildConfigurations = (
				BAD06C411B5BF36400D57B2E /* Debug */,
				BAD06C421B5BF36400D57B2E /* Release */,
			);
			defaultConfigurationIsVisible = 0;
		};
		BAD06C431B5BF36400D57B2E /* Build configuration list for PBXNativeTarget "Project19CapitalCitiesTests" */ = {
			isa = XCConfigurationList;
			buildConfigurations = (
				BAD06C441B5BF36400D57B2E /* Debug */,
				BAD06C451B5BF36400D57B2E /* Release */,
			);
			defaultConfigurationIsVisible = 0;
		};
/* End XCConfigurationList section */
	};
	rootObject = BAD06C191B5BF36400D57B2E /* Project object */;
}
